
Microsoft Visual Studio Solution File, Format Version 12.00
# Visual Studio Version 17
VisualStudioVersion = 17.6.33829.357
MinimumVisualStudioVersion = 10.0.40219.1
Project("{FAE04EC0-301F-11D3-BF4B-00C04F79EFBC}") = "ProxyPatternLearning", "ProxyPatternLearning\ProxyPatternLearning.csproj", "{06C60511-E135-4F26-95E2-E8B62777B0B9}"
EndProject
Global
	GlobalSection(SolutionConfigurationPlatforms) = preSolution
		Debug|Any CPU = Debug|Any CPU
		Release|Any CPU = Release|Any CPU
	EndGlobalSection
	GlobalSection(ProjectConfigurationPlatforms) = postSolution
		{06C60511-E135-4F26-95E2-E8B62777B0B9}.Debug|Any CPU.ActiveCfg = Debug|Any CPU
		{06C60511-E135-4F26-95E2-E8B62777B0B9}.Debug|Any CPU.Build.0 = Debug|Any CPU
		{06C60511-E135-4F26-95E2-E8B62777B0B9}.Release|Any CPU.ActiveCfg = Release|Any CPU
		{06C60511-E135-4F26-95E2-E8B62777B0B9}.Release|Any CPU.Build.0 = Release|Any CPU
	EndGlobalSection
	GlobalSection(SolutionProperties) = preSolution
		HideSolutionNode = FALSE
	EndGlobalSection
	GlobalSection(ExtensibilityGlobals) = postSolution
		SolutionGuid = {1A229125-A3D0-4FD9-BEF5-DD1EC80A7705}
	EndGlobalSection
EndGlobal
